
Microsoft Visual Studio Solution File, Format Version 12.00
Project("{FAE04EC0-301F-11D3-BF4B-00C04F79EFBC}") = "Phase3Databases", "Phase3Databases.csproj", "{450C18A0-8F11-454E-95C6-52A6C1B4948E}"
EndProject
Project("{2150E333-8FDC-42A3-9474-1A3956D46DE8}") = "Database", "Database", "{B6CF2FB9-C5AE-40BF-9729-72FE794567F8}"
	ProjectSection(SolutionItems) = preProject
		Schema.sql = Schema.sql
	EndProjectSection
EndProject
Global
	GlobalSection(SolutionConfigurationPlatforms) = preSolution
		Debug|Any CPU = Debug|Any CPU
		Release|Any CPU = Release|Any CPU
	EndGlobalSection
	GlobalSection(ProjectConfigurationPlatforms) = postSolution
		{450C18A0-8F11-454E-95C6-52A6C1B4948E}.Debug|Any CPU.ActiveCfg = Debug|Any CPU
		{450C18A0-8F11-454E-95C6-52A6C1B4948E}.Debug|Any CPU.Build.0 = Debug|Any CPU
		{450C18A0-8F11-454E-95C6-52A6C1B4948E}.Release|Any CPU.ActiveCfg = Release|Any CPU
		{450C18A0-8F11-454E-95C6-52A6C1B4948E}.Release|Any CPU.Build.0 = Release|Any CPU
	EndGlobalSection
EndGlobal
